{
  "name": "lazy-loading-images",
  "version": "1.0.0",
  "lockfileVersion": 1,
  "requires": true,
  "dependencies": {
    "bounds.js": {
      "version": "1.0.3",
      "resolved": "https://registry.npm.taobao.org/bounds.js/download/bounds.js-1.0.3.tgz",
      "integrity": "sha1-nU+B9y1dbc8SKwX7sN1WwdI4jCo="
    }
  }
}
